// !$*UTF8*$!
{
	archiveVersion = 1;
	classes = {
	};
	objectVersion = 46;
	objects = {

/* Begin PBXBuildFile section */
		391448711F1FE8C800CBCC3B /* FaceModel.swift in Sources */ = {isa = PBXBuildFile; fileRef = 391448701F1FE8C800CBCC3B /* FaceModel.swift */; };
		3955DC161F252A4C0023DA19 /* EmotionsViewController.swift in Sources */ = {isa = PBXBuildFile; fileRef = 3955DC151F252A4C0023DA19 /* EmotionsViewController.swift */; };
		39EE03221F1D4C43001817D5 /* AppDelegate.swift in Sources */ = {isa = PBXBuildFile; fileRef = 39EE03211F1D4C43001817D5 /* AppDelegate.swift */; };
		39EE03241F1D4C43001817D5 /* FaceViewController.swift in Sources */ = {isa = PBXBuildFile; fileRef = 39EE03231F1D4C43001817D5 /* FaceViewController.swift */; };
		39EE03271F1D4C43001817D5 /* Main.storyboard in Resources */ = {isa = PBXBuildFile; fileRef = 39EE03251F1D4C43001817D5 /* Main.storyboard */; };
		39EE03291F1D4C43001817D5 /* Assets.xcassets in Resources */ = {isa = PBXBuildFile; fileRef = 39EE03281F1D4C43001817D5 /* Assets.xcassets */; };
		39EE032C1F1D4C43001817D5 /* LaunchScreen.storyboard in Resources */ = {isa = PBXBuildFile; fileRef = 39EE032A1F1D4C43001817D5 /* LaunchScreen.storyboard */; };
		39EE03351F1D4CF5001817D5 /* FaceView.swift in Sources */ = {isa = PBXBuildFile; fileRef = 39EE03341F1D4CF5001817D5 /* FaceView.swift */; };
/* End PBXBuildFile section */

/* Begin PBXFileReference section */
		391448701F1FE8C800CBCC3B /* FaceModel.swift */ = {isa = PBXFileReference; fileEncoding = 4; lastKnownFileType = sourcecode.swift; path = FaceModel.swift; sourceTree = "<group>"; };
		3955DC151F252A4C0023DA19 /* EmotionsViewController.swift */ = {isa = PBXFileReference; fileEncoding = 4; lastKnownFileType = sourcecode.swift; path = EmotionsViewController.swift; sourceTree = "<group>"; };
		39EE031E1F1D4C43001817D5 /* FaceIt.app */ = {isa = PBXFileReference; explicitFileType = wrapper.application; includeInIndex = 0; path = FaceIt.app; sourceTree = BUILT_PRODUCTS_DIR; };
		39EE03211F1D4C43001817D5 /* AppDelegate.swift */ = {isa = PBXFileReference; lastKnownFileType = sourcecode.swift; path = AppDelegate.swift; sourceTree = "<group>"; };
		39EE03231F1D4C43001817D5 /* FaceViewController.swift */ = {isa = PBXFileReference; lastKnownFileType = sourcecode.swift; path = FaceViewController.swift; sourceTree = "<group>"; };
		39EE03261F1D4C43001817D5 /* Base */ = {isa = PBXFileReference; lastKnownFileType = file.storyboard; name = Base; path = Base.lproj/Main.storyboard; sourceTree = "<group>"; };
		39EE03281F1D4C43001817D5 /* Assets.xcassets */ = {isa = PBXFileReference; lastKnownFileType = folder.assetcatalog; path = Assets.xcassets; sourceTree = "<group>"; };
		39EE032B1F1D4C43001817D5 /* Base */ = {isa = PBXFileReference; lastKnownFileType = file.storyboard; name = Base; path = Base.lproj/LaunchScreen.storyboard; sourceTree = "<group>"; };
		39EE032D1F1D4C43001817D5 /* Info.plist */ = {isa = PBXFileReference; lastKnownFileType = text.plist.xml; path = Info.plist; sourceTree = "<group>"; };
		39EE03341F1D4CF5001817D5 /* FaceView.swift */ = {isa = PBXFileReference; fileEncoding = 4; lastKnownFileType = sourcecode.swift; path = FaceView.swift; sourceTree = "<group>"; };
/* End PBXFileReference section */

/* Begin PBXFrameworksBuildPhase section */
		39EE031B1F1D4C43001817D5 /* Frameworks */ = {
			isa = PBXFrameworksBuildPhase;
			buildActionMask = 2147483647;
			files = (
			);
			runOnlyForDeploymentPostprocessing = 0;
		};
/* End PBXFrameworksBuildPhase section */

/* Begin PBXGroup section */
		39EE03151F1D4C43001817D5 = {
			isa = PBXGroup;
			children = (
				39EE03201F1D4C43001817D5 /* FaceIt */,
				39EE031F1F1D4C43001817D5 /* Products */,
			);
			sourceTree = "<group>";
		};
		39EE031F1F1D4C43001817D5 /* Products */ = {
			isa = PBXGroup;
			children = (
				39EE031E1F1D4C43001817D5 /* FaceIt.app */,
			);
			name = Products;
			sourceTree = "<group>";
		};
		39EE03201F1D4C43001817D5 /* FaceIt */ = {
			isa = PBXGroup;
			children = (
				39EE03331F1D4C5C001817D5 /* SupportingFiles */,
				39EE03231F1D4C43001817D5 /* FaceViewController.swift */,
				39EE03341F1D4CF5001817D5 /* FaceView.swift */,
				39EE03251F1D4C43001817D5 /* Main.storyboard */,
				3955DC151F252A4C0023DA19 /* EmotionsViewController.swift */,
				391448701F1FE8C800CBCC3B /* FaceModel.swift */,
			);
			path = FaceIt;
			sourceTree = "<group>";
		};
		39EE03331F1D4C5C001817D5 /* SupportingFiles */ = {
			isa = PBXGroup;
			children = (
				39EE03211F1D4C43001817D5 /* AppDelegate.swift */,
				39EE03281F1D4C43001817D5 /* Assets.xcassets */,
				39EE032A1F1D4C43001817D5 /* LaunchScreen.storyboard */,
				39EE032D1F1D4C43001817D5 /* Info.plist */,
			);
			name = SupportingFiles;
			sourceTree = "<group>";
		};
/* End PBXGroup section */

/* Begin PBXNativeTarget section */
		39EE031D1F1D4C43001817D5 /* FaceIt */ = {
			isa = PBXNativeTarget;
			buildConfigurationList = 39EE03301F1D4C43001817D5 /* Build configuration list for PBXNativeTarget "FaceIt" */;
			buildPhases = (
				39EE031A1F1D4C43001817D5 /* Sources */,
				39EE031B1F1D4C43001817D5 /* Frameworks */,
				39EE031C1F1D4C43001817D5 /* Resources */,
			);
			buildRules = (
			);
			dependencies = (
			);
			name = FaceIt;
			productName = FaceIt;
			productReference = 39EE031E1F1D4C43001817D5 /* FaceIt.app */;
			productType = "com.apple.product-type.application";
		};
/* End PBXNativeTarget section */

/* Begin PBXProject section */
		39EE03161F1D4C43001817D5 /* Project object */ = {
			isa = PBXProject;
			attributes = {
				LastSwiftUpdateCheck = 0830;
				LastUpgradeCheck = 0830;
				ORGANIZATIONNAME = "Joyus Studio";
				TargetAttributes = {
					39EE031D1F1D4C43001817D5 = {
						CreatedOnToolsVersion = 8.3.3;
						ProvisioningStyle = Automatic;
					};
				};
			};
			buildConfigurationList = 39EE03191F1D4C43001817D5 /* Build configuration list for PBXProject "FaceIt" */;
			compatibilityVersion = "Xcode 3.2";
			developmentRegion = English;
			hasScannedForEncodings = 0;
			knownRegions = (
				en,
				Base,
			);
			mainGroup = 39EE03151F1D4C43001817D5;
			productRefGroup = 39EE031F1F1D4C43001817D5 /* Products */;
			projectDirPath = "";
			projectRoot = "";
			targets = (
				39EE031D1F1D4C43001817D5 /* FaceIt */,
			);
		};
/* End PBXProject section */

/* Begin PBXResourcesBuildPhase section */
		39EE031C1F1D4C43001817D5 /* Resources */ = {
			isa = PBXResourcesBuildPhase;
			buildActionMask = 2147483647;
			files = (
				39EE032C1F1D4C43001817D5 /* LaunchScreen.storyboard in Resources */,
				39EE03291F1D4C43001817D5 /* Assets.xcassets in Resources */,
				39EE03271F1D4C43001817D5 /* Main.storyboard in Resources */,
			);
			runOnlyForDeploymentPostprocessing = 0;
		};
/* End PBXResourcesBuildPhase section */

/* Begin PBXSourcesBuildPhase section */
		39EE031A1F1D4C43001817D5 /* Sources */ = {
			isa = PBXSourcesBuildPhase;
			buildActionMask = 2147483647;
			files = (
				39EE03241F1D4C43001817D5 /* FaceViewController.swift in Sources */,
				39EE03221F1D4C43001817D5 /* AppDelegate.swift in Sources */,
				3955DC161F252A4C0023DA19 /* EmotionsViewController.swift in Sources */,
				391448711F1FE8C800CBCC3B /* FaceModel.swift in Sources */,
				39EE03351F1D4CF5001817D5 /* FaceView.swift in Sources */,
			);
			runOnlyForDeploymentPostprocessing = 0;
		};
/* End PBXSourcesBuildPhase section */

/* Begin PBXVariantGroup section */
		39EE03251F1D4C43001817D5 /* Main.storyboard */ = {
			isa = PBXVariantGroup;
			children = (
				39EE03261F1D4C43001817D5 /* Base */,
			);
			name = Main.storyboard;
			sourceTree = "<group>";
		};
		39EE032A1F1D4C43001817D5 /* LaunchScreen.storyboard */ = {
			isa = PBXVariantGroup;
			children = (
				39EE032B1F1D4C43001817D5 /* Base */,
			);
			name = LaunchScreen.storyboard;
			sourceTree = "<group>";
		};
/* End PBXVariantGroup section */

/* Begin XCBuildConfiguration section */
		39EE032E1F1D4C43001817D5 /* Debug */ = {
			isa = XCBuildConfiguration;
			buildSettings = {
				ALWAYS_SEARCH_USER_PATHS = NO;
				CLANG_ANALYZER_NONNULL = YES;
				CLANG_ANALYZER_NUMBER_OBJECT_CONVERSION = YES_AGGRESSIVE;
				CLANG_CXX_LANGUAGE_STANDARD = "gnu++0x";
				CLANG_CXX_LIBRARY = "libc++";
				CLANG_ENABLE_MODULES = YES;
				CLANG_ENABLE_OBJC_ARC = YES;
				CLANG_WARN_BOOL_CONVERSION = YES;
				CLANG_WARN_CONSTANT_CONVERSION = YES;
				CLANG_WARN_DIRECT_OBJC_ISA_USAGE = YES_ERROR;
				CLANG_WARN_DOCUMENTATION_COMMENTS = YES;
				CLANG_WARN_EMPTY_BODY = YES;
				CLANG_WARN_ENUM_CONVERSION = YES;
				CLANG_WARN_INFINITE_RECURSION = YES;
				CLANG_WARN_INT_CONVERSION = YES;
				CLANG_WARN_OBJC_ROOT_CLASS = YES_ERROR;
				CLANG_WARN_SUSPICIOUS_MOVE = YES;
				CLANG_WARN_UNREACHABLE_CODE = YES;
				CLANG_WARN__DUPLICATE_METHOD_MATCH = YES;
				"CODE_SIGN_IDENTITY[sdk=iphoneos*]" = "iPhone Developer";
				COPY_PHASE_STRIP = NO;
				DEBUG_INFORMATION_FORMAT = dwarf;
				ENABLE_STRICT_OBJC_MSGSEND = YES;
				ENABLE_TESTABILITY = YES;
				GCC_C_LANGUAGE_STANDARD = gnu99;
				GCC_DYNAMIC_NO_PIC = NO;
				GCC_NO_COMMON_BLOCKS = YES;
				GCC_OPTIMIZATION_LEVEL = 0;
				GCC_PREPROCESSOR_DEFINITIONS = (
					"DEBUG=1",
					"$(inherited)",
				);
				GCC_WARN_64_TO_32_BIT_CONVERSION = YES;
				GCC_WARN_ABOUT_RETURN_TYPE = YES_ERROR;
				GCC_WARN_UNDECLARED_SELECTOR = YES;
				GCC_WARN_UNINITIALIZED_AUTOS = YES_AGGRESSIVE;
				GCC_WARN_UNUSED_FUNCTION = YES;
				GCC_WARN_UNUSED_VARIABLE = YES;
				IPHONEOS_DEPLOYMENT_TARGET = 10.3;
				MTL_ENABLE_DEBUG_INFO = YES;
				ONLY_ACTIVE_ARCH = YES;
				SDKROOT = iphoneos;
				SWIFT_ACTIVE_COMPILATION_CONDITIONS = DEBUG;
				SWIFT_OPTIMIZATION_LEVEL = "-Onone";
			};
			name = Debug;
		};
		39EE032F1F1D4C43001817D5 /* Release */ = {
			isa = XCBuildConfiguration;
			buildSettings = {
				ALWAYS_SEARCH_USER_PATHS = NO;
				CLANG_ANALYZER_NONNULL = YES;
				CLANG_ANALYZER_NUMBER_OBJECT_CONVERSION = YES_AGGRESSIVE;
				CLANG_CXX_LANGUAGE_STANDARD = "gnu++0x";
				CLANG_CXX_LIBRARY = "libc++";
				CLANG_ENABLE_MODULES = YES;
				CLANG_ENABLE_OBJC_ARC = YES;
				CLANG_WARN_BOOL_CONVERSION = YES;
				CLANG_WARN_CONSTANT_CONVERSION = YES;
				CLANG_WARN_DIRECT_OBJC_ISA_USAGE = YES_ERROR;
				CLANG_WARN_DOCUMENTATION_COMMENTS = YES;
				CLANG_WARN_EMPTY_BODY = YES;
				CLANG_WARN_ENUM_CONVERSION = YES;
				CLANG_WARN_INFINITE_RECURSION = YES;
				CLANG_WARN_INT_CONVERSION = YES;
				CLANG_WARN_OBJC_ROOT_CLASS = YES_ERROR;
				CLANG_WARN_SUSPICIOUS_MOVE = YES;
				CLANG_WARN_UNREACHABLE_CODE = YES;
				CLANG_WARN__DUPLICATE_METHOD_MATCH = YES;
				"CODE_SIGN_IDENTITY[sdk=iphoneos*]" = "iPhone Developer";
				COPY_PHASE_STRIP = NO;
				DEBUG_INFORMATION_FORMAT = "dwarf-with-dsym";
				ENABLE_NS_ASSERTIONS = NO;
				ENABLE_STRICT_OBJC_MSGSEND = YES;
				GCC_C_LANGUAGE_STANDARD = gnu99;
				GCC_NO_COMMON_BLOCKS = YES;
				GCC_WARN_64_TO_32_BIT_CONVERSION = YES;
				GCC_WARN_ABOUT_RETURN_TYPE = YES_ERROR;
				GCC_WARN_UNDECLARED_SELECTOR = YES;
				GCC_WARN_UNINITIALIZED_AUTOS = YES_AGGRESSIVE;
				GCC_WARN_UNUSED_FUNCTION = YES;
				GCC_WARN_UNUSED_VARIABLE = YES;
				IPHONEOS_DEPLOYMENT_TARGET = 10.3;
				MTL_ENABLE_DEBUG_INFO = NO;
				SDKROOT = iphoneos;
				SWIFT_OPTIMIZATION_LEVEL = "-Owholemodule";
				VALIDATE_PRODUCT = YES;
			};
			name = Release;
		};
		39EE03311F1D4C43001817D5 /* Debug */ = {
			isa = XCBuildConfiguration;
			buildSettings = {
				ASSETCATALOG_COMPILER_APPICON_NAME = AppIcon;
				INFOPLIST_FILE = FaceIt/Info.plist;
				LD_RUNPATH_SEARCH_PATHS = "$(inherited) @executable_path/Frameworks";
				PRODUCT_BUNDLE_IDENTIFIER = org.joyus.FaceIt;
				PRODUCT_NAME = "$(TARGET_NAME)";
				SWIFT_VERSION = 3.0;
				TARGETED_DEVICE_FAMILY = "1,2";
			};
			name = Debug;
		};
		39EE03321F1D4C43001817D5 /* Release */ = {
			isa = XCBuildConfiguration;
			buildSettings = {
				ASSETCATALOG_COMPILER_APPICON_NAME = AppIcon;
				INFOPLIST_FILE = FaceIt/Info.plist;
				LD_RUNPATH_SEARCH_PATHS = "$(inherited) @executable_path/Frameworks";
				PRODUCT_BUNDLE_IDENTIFIER = org.joyus.FaceIt;
				PRODUCT_NAME = "$(TARGET_NAME)";
				SWIFT_VERSION = 3.0;
				TARGETED_DEVICE_FAMILY = "1,2";
			};
			name = Release;
		};
/* End XCBuildConfiguration section */

/* Begin XCConfigurationList section */
		39EE03191F1D4C43001817D5 /* Build configuration list for PBXProject "FaceIt" */ = {
			isa = XCConfigurationList;
			buildConfigurations = (
				39EE032E1F1D4C43001817D5 /* Debug */,
				39EE032F1F1D4C43001817D5 /* Release */,
			);
			defaultConfigurationIsVisible = 0;
			defaultConfigurationName = Release;
		};
		39EE03301F1D4C43001817D5 /* Build configuration list for PBXNativeTarget "FaceIt" */ = {
			isa = XCConfigurationList;
			buildConfigurations = (
				39EE03311F1D4C43001817D5 /* Debug */,
				39EE03321F1D4C43001817D5 /* Release */,
			);
			defaultConfigurationIsVisible = 0;
			defaultConfigurationName = Release;
		};
/* End XCConfigurationList section */
	};
	rootObject = 39EE03161F1D4C43001817D5 /* Project object */;
}
